
Microsoft Visual Studio Solution File, Format Version 12.00
# Visual Studio 15
VisualStudioVersion = 15.0.26621.2
MinimumVisualStudioVersion = 10.0.40219.1
Project("{FAE04EC0-301F-11D3-BF4B-00C04F79EFBC}") = "API", "API\API.csproj", "{C9D033EC-2429-422B-8DC7-4EBD176D6B55}"
EndProject
Project("{E53339B2-1760-4266-BCC7-CA923CBCF16C}") = "docker-compose", "docker-compose.dcproj", "{3E48E119-4DBE-442B-ACB7-5F37EFC902F8}"
EndProject
Project("{FAE04EC0-301F-11D3-BF4B-00C04F79EFBC}") = "CoreFX", "CoreFX\CoreFX.csproj", "{F9F97456-DD4B-4CA0-8446-7E4A79A1D78A}"
EndProject
Project("{FAE04EC0-301F-11D3-BF4B-00C04F79EFBC}") = "SysAdmin", "SysAdmin\SysAdmin.csproj", "{D2323AA6-8F37-49C5-968B-A418C4525291}"
EndProject
Project("{FAE04EC0-301F-11D3-BF4B-00C04F79EFBC}") = "CoreCI", "CoreCI\CoreCI.csproj", "{FF464877-8D41-4444-907F-25FAB933BE14}"
EndProject
Global
	GlobalSection(SolutionConfigurationPlatforms) = preSolution
		Debug|Any CPU = Debug|Any CPU
		Release|Any CPU = Release|Any CPU
	EndGlobalSection
	GlobalSection(ProjectConfigurationPlatforms) = postSolution
		{C9D033EC-2429-422B-8DC7-4EBD176D6B55}.Debug|Any CPU.ActiveCfg = Debug|Any CPU
		{C9D033EC-2429-422B-8DC7-4EBD176D6B55}.Debug|Any CPU.Build.0 = Debug|Any CPU
		{C9D033EC-2429-422B-8DC7-4EBD176D6B55}.Release|Any CPU.ActiveCfg = Release|Any CPU
		{C9D033EC-2429-422B-8DC7-4EBD176D6B55}.Release|Any CPU.Build.0 = Release|Any CPU
		{3E48E119-4DBE-442B-ACB7-5F37EFC902F8}.Debug|Any CPU.ActiveCfg = Debug|Any CPU
		{3E48E119-4DBE-442B-ACB7-5F37EFC902F8}.Debug|Any CPU.Build.0 = Debug|Any CPU
		{3E48E119-4DBE-442B-ACB7-5F37EFC902F8}.Release|Any CPU.ActiveCfg = Release|Any CPU
		{3E48E119-4DBE-442B-ACB7-5F37EFC902F8}.Release|Any CPU.Build.0 = Release|Any CPU
		{F9F97456-DD4B-4CA0-8446-7E4A79A1D78A}.Debug|Any CPU.ActiveCfg = Debug|Any CPU
		{F9F97456-DD4B-4CA0-8446-7E4A79A1D78A}.Debug|Any CPU.Build.0 = Debug|Any CPU
		{F9F97456-DD4B-4CA0-8446-7E4A79A1D78A}.Release|Any CPU.ActiveCfg = Release|Any CPU
		{F9F97456-DD4B-4CA0-8446-7E4A79A1D78A}.Release|Any CPU.Build.0 = Release|Any CPU
		{D2323AA6-8F37-49C5-968B-A418C4525291}.Debug|Any CPU.ActiveCfg = Debug|Any CPU
		{D2323AA6-8F37-49C5-968B-A418C4525291}.Debug|Any CPU.Build.0 = Debug|Any CPU
		{D2323AA6-8F37-49C5-968B-A418C4525291}.Release|Any CPU.ActiveCfg = Release|Any CPU
		{D2323AA6-8F37-49C5-968B-A418C4525291}.Release|Any CPU.Build.0 = Release|Any CPU
		{FF464877-8D41-4444-907F-25FAB933BE14}.Debug|Any CPU.ActiveCfg = Debug|Any CPU
		{FF464877-8D41-4444-907F-25FAB933BE14}.Debug|Any CPU.Build.0 = Debug|Any CPU
		{FF464877-8D41-4444-907F-25FAB933BE14}.Release|Any CPU.ActiveCfg = Release|Any CPU
		{FF464877-8D41-4444-907F-25FAB933BE14}.Release|Any CPU.Build.0 = Release|Any CPU
	EndGlobalSection
	GlobalSection(SolutionProperties) = preSolution
		HideSolutionNode = FALSE
	EndGlobalSection
	GlobalSection(ExtensibilityGlobals) = postSolution
		SolutionGuid = {5CA34DC2-98FE-4EF1-8C09-2BD8553AAC53}
	EndGlobalSection
EndGlobal
